# This file was autogenerated by Stack.
# You should not edit this file by hand.
# For more information, please see the documentation at:
#   https://docs.haskellstack.org/en/stable/lock_files

packages:
- completed:
    name: ghc-heap-view
    version: 0.6.3
    git: https://github.com/Tarmean/ghc-heap-view
    pantry-tree:
      size: 705
      sha256: 7aaa87e7fcc29d57bf84127189f75085b7edd53a22c302bb5a1b6668465cadb8
    commit: ec7fa0cb31f57cf558fcc462e048941f0aec08da
  original:
    git: https://github.com/Tarmean/ghc-heap-view
    commit: ec7fa0cb31f57cf558fcc462e048941f0aec08da
- completed:
    hackage: brick-1.1@sha256:a4d13f2ae42acb61bb9850033181059e0cd0ed34ded39154f72cdbc7d083dc0b,17828
    pantry-tree:
      size: 6686
      sha256: 7267fcc9b1c23186c996ff998aeafe88832e0f11595a9b00d3cc783777b930da
  original:
    hackage: brick-1.1@sha256:a4d13f2ae42acb61bb9850033181059e0cd0ed34ded39154f72cdbc7d083dc0b,17828
- completed:
    hackage: bimap-0.5.0@sha256:aba506d02a1c93fc2b50dcbe728d2a4d07cca89b7033945418061a0b08576ebd,1889
    pantry-tree:
      size: 470
      sha256: 285f5e86640f4bef3b7a60991defb8dd4b3714f8c294495d1136da182c1315a3
  original:
    hackage: bimap-0.5.0@sha256:aba506d02a1c93fc2b50dcbe728d2a4d07cca89b7033945418061a0b08576ebd,1889
- completed:
    hackage: text-zipper-0.12@sha256:e96110598fc25e57a99ffcd8e583351af8b325b813aa5e3bd0adc627e3e02b6b,1472
    pantry-tree:
      size: 604
      sha256: 51edf26c8f66b1356c820b183e6442f8245ec2aef450fde4cd56db566347daa0
  original:
    hackage: text-zipper-0.12@sha256:e96110598fc25e57a99ffcd8e583351af8b325b813aa5e3bd0adc627e3e02b6b,1472
- completed:
    name: vty
    version: '5.37'
    git: https://github.com/jtdaugherty/vty
    pantry-tree:
      size: 7236
      sha256: d70853c043e652c7a47c89b45347227ade62bd0cb0c74a01e52a3c293e67c780
    commit: db5f55caf3321d9e015fa99cc41908c12ef172a5
  original:
    git: https://github.com/jtdaugherty/vty
    commit: db5f55caf3321d9e015fa99cc41908c12ef172a5
- completed:
    subdir: ghc-dump-core
    name: ghc-dump-core
    version: 0.2.1.0
    git: https://github.com/Tarmean/ghc-dump
    pantry-tree:
      size: 385
      sha256: ef98baebab0b19c9d19c4e9893b78a009c1255bf18f88c688ac0a35bae16b5b0
    commit: cf13e95e32d65a295c893f18fa1ffb67adecfd1f
  original:
    subdir: ghc-dump-core
    git: https://github.com/Tarmean/ghc-dump
    commit: cf13e95e32d65a295c893f18fa1ffb67adecfd1f
- completed:
    subdir: ghc-dump-util
    name: ghc-dump-util
    version: 0.2.1.0
    git: https://github.com/Tarmean/ghc-dump
    pantry-tree:
      size: 562
      sha256: f880f36a54e26dede0f5f72b1be17944190e5a1a3ddeb42fc92ab384c9f80bdb
    commit: cf13e95e32d65a295c893f18fa1ffb67adecfd1f
  original:
    subdir: ghc-dump-util
    git: https://github.com/Tarmean/ghc-dump
    commit: cf13e95e32d65a295c893f18fa1ffb67adecfd1f
- completed:
    hackage: Cabal-3.6.3.0@sha256:ff97c442b0c679c1c9876acd15f73ac4f602b973c45bde42b43ec28265ee48f4,12459
    pantry-tree:
      size: 19757
      sha256: b250a53bdb56844f047a2927833bb565b936a289abfa85dfc2a63148d776368a
  original:
    hackage: Cabal-3.6.3.0@sha256:ff97c442b0c679c1c9876acd15f73ac4f602b973c45bde42b43ec28265ee48f4,12459
- completed:
    name: primitive
    version: 0.8.0.0
    git: https://github.com/haskell/primitive
    pantry-tree:
      size: 2062
      sha256: b4b11b57e2da430b2ad4b4ca05d3792cb27b922fa4ee3b201d1a6ed6b317e523
    commit: f999acfb2ae2f84deff007ad109f87b2b650dc79
  original:
    git: https://github.com/haskell/primitive
    commit: f999acfb2ae2f84deff007ad109f87b2b650dc79
- completed:
    subdir: cborg
    name: cborg
    version: 0.2.7.0
    git: https://github.com/parsonsmatt/cborg/
    pantry-tree:
      size: 2710
      sha256: bf47daebbae296a5a6a805acbcea5c28ea2375be2965e2c1a437b7acee1d64e7
    commit: 05ca2063ff631667699bffbeee3a4a076943b905
  original:
    subdir: cborg
    git: https://github.com/parsonsmatt/cborg/
    commit: 05ca2063ff631667699bffbeee3a4a076943b905
- completed:
    subdir: serialise
    name: serialise
    version: 0.2.5.0
    git: https://github.com/parsonsmatt/cborg/
    pantry-tree:
      size: 4056
      sha256: 1d089c45bfcf6f039baca3b20adb631e11ad5ed249f20526a8d96c6b48d7b518
    commit: 05ca2063ff631667699bffbeee3a4a076943b905
  original:
    subdir: serialise
    git: https://github.com/parsonsmatt/cborg/
    commit: 05ca2063ff631667699bffbeee3a4a076943b905
snapshots:
- completed:
    size: 554661
    url: https://raw.githubusercontent.com/commercialhaskell/stackage-snapshots/master/nightly/2022/4/28.yaml
    sha256: eb778a9c971802e22068265fb7b14d357c3eb7d76229402b9444a3db1a2bc153
  original:
    url: https://raw.githubusercontent.com/commercialhaskell/stackage-snapshots/master/nightly/2022/4/28.yaml
