# This file was autogenerated by Stack.
# You should not edit this file by hand.
# For more information, please see the documentation at:
#   https://docs.haskellstack.org/en/stable/lock_files

packages:
- completed:
    name: ghc-heap-view
    version: 0.6.3
    git: https://github.com/Tarmean/ghc-heap-view
    pantry-tree:
      size: 705
      sha256: 7aaa87e7fcc29d57bf84127189f75085b7edd53a22c302bb5a1b6668465cadb8
    commit: ec7fa0cb31f57cf558fcc462e048941f0aec08da
  original:
    git: https://github.com/Tarmean/ghc-heap-view
    commit: ec7fa0cb31f57cf558fcc462e048941f0aec08da
- completed:
    hackage: brick-1.1@sha256:a4d13f2ae42acb61bb9850033181059e0cd0ed34ded39154f72cdbc7d083dc0b,17828
    pantry-tree:
      size: 6686
      sha256: 7267fcc9b1c23186c996ff998aeafe88832e0f11595a9b00d3cc783777b930da
  original:
    hackage: brick-1.1@sha256:a4d13f2ae42acb61bb9850033181059e0cd0ed34ded39154f72cdbc7d083dc0b,17828
- completed:
    hackage: bimap-0.5.0@sha256:aba506d02a1c93fc2b50dcbe728d2a4d07cca89b7033945418061a0b08576ebd,1889
    pantry-tree:
      size: 470
      sha256: 285f5e86640f4bef3b7a60991defb8dd4b3714f8c294495d1136da182c1315a3
  original:
    hackage: bimap-0.5.0@sha256:aba506d02a1c93fc2b50dcbe728d2a4d07cca89b7033945418061a0b08576ebd,1889
- completed:
    hackage: text-zipper-0.12@sha256:e96110598fc25e57a99ffcd8e583351af8b325b813aa5e3bd0adc627e3e02b6b,1472
    pantry-tree:
      size: 604
      sha256: 51edf26c8f66b1356c820b183e6442f8245ec2aef450fde4cd56db566347daa0
  original:
    hackage: text-zipper-0.12@sha256:e96110598fc25e57a99ffcd8e583351af8b325b813aa5e3bd0adc627e3e02b6b,1472
- completed:
    hackage: vty-5.36@sha256:dfbb78ea924ad0ef66cff4bc223918240234508c3de139b34780038dafb5fc53,20859
    pantry-tree:
      size: 5394
      sha256: 6957bb4fcbe41a98dc45784f08ed5b25ee604c1d581d58cd7e81108fc63f6b33
  original:
    hackage: vty-5.36@sha256:dfbb78ea924ad0ef66cff4bc223918240234508c3de139b34780038dafb5fc53,20859
- completed:
    subdir: ghc-dump-core
    name: ghc-dump-core
    version: 0.2.1.0
    git: https://github.com/bgamari/ghc-dump
    pantry-tree:
      size: 385
      sha256: 2a58312cebb9b88586f00b297ac002249ebab7a4f60beb71f763127a0f69a94e
    commit: 2dcf0c6163e86b614b5aef68926f6ac3744c7897
  original:
    subdir: ghc-dump-core
    git: https://github.com/bgamari/ghc-dump
    commit: 2dcf0c6163e86b614b5aef68926f6ac3744c7897
snapshots:
- completed:
    size: 554661
    url: https://raw.githubusercontent.com/commercialhaskell/stackage-snapshots/master/nightly/2022/4/28.yaml
    sha256: eb778a9c971802e22068265fb7b14d357c3eb7d76229402b9444a3db1a2bc153
  original:
    url: https://raw.githubusercontent.com/commercialhaskell/stackage-snapshots/master/nightly/2022/4/28.yaml
